
Microsoft Visual Studio Solution File, Format Version 12.00
# Visual Studio Version 17
VisualStudioVersion = 17.3.32825.248
MinimumVisualStudioVersion = 10.0.40219.1
Project("{FAE04EC0-301F-11D3-BF4B-00C04F79EFBC}") = "Paktika", "Paktika\Paktika.csproj", "{CF2F21F9-E704-47AD-897A-0D459C011D68}"
EndProject
Global
	GlobalSection(SolutionConfigurationPlatforms) = preSolution
		Debug|Any CPU = Debug|Any CPU
		Release|Any CPU = Release|Any CPU
	EndGlobalSection
	GlobalSection(ProjectConfigurationPlatforms) = postSolution
		{CF2F21F9-E704-47AD-897A-0D459C011D68}.Debug|Any CPU.ActiveCfg = Debug|Any CPU
		{CF2F21F9-E704-47AD-897A-0D459C011D68}.Debug|Any CPU.Build.0 = Debug|Any CPU
		{CF2F21F9-E704-47AD-897A-0D459C011D68}.Release|Any CPU.ActiveCfg = Release|Any CPU
		{CF2F21F9-E704-47AD-897A-0D459C011D68}.Release|Any CPU.Build.0 = Release|Any CPU
	EndGlobalSection
	GlobalSection(SolutionProperties) = preSolution
		HideSolutionNode = FALSE
	EndGlobalSection
	GlobalSection(ExtensibilityGlobals) = postSolution
		SolutionGuid = {C0700DA3-596B-43B5-874B-60619EBF5987}
	EndGlobalSection
EndGlobal
